// !$*UTF8*$!
{
	archiveVersion = 1;
	classes = {
	};
	objectVersion = 46;
	objects = {

/* Begin PBXBuildFile section */
		CAEC77AC1CA5B1FA00B93930 /* AppDelegate.swift in Sources */ = {isa = PBXBuildFile; fileRef = CAEC77AB1CA5B1FA00B93930 /* AppDelegate.swift */; };
		CAEC77AE1CA5B1FA00B93930 /* ViewController.swift in Sources */ = {isa = PBXBuildFile; fileRef = CAEC77AD1CA5B1FA00B93930 /* ViewController.swift */; };
		CAEC77B11CA5B1FA00B93930 /* Main.storyboard in Resources */ = {isa = PBXBuildFile; fileRef = CAEC77AF1CA5B1FA00B93930 /* Main.storyboard */; };
		CAEC77B31CA5B1FA00B93930 /* Assets.xcassets in Resources */ = {isa = PBXBuildFile; fileRef = CAEC77B21CA5B1FA00B93930 /* Assets.xcassets */; };
		CAEC77B61CA5B1FA00B93930 /* LaunchScreen.storyboard in Resources */ = {isa = PBXBuildFile; fileRef = CAEC77B41CA5B1FA00B93930 /* LaunchScreen.storyboard */; };
		CAEC77BE1CA5B20700B93930 /* User.swift in Sources */ = {isa = PBXBuildFile; fileRef = CAEC77BD1CA5B20700B93930 /* User.swift */; };
		CAEC77C01CA5B21100B93930 /* Group.swift in Sources */ = {isa = PBXBuildFile; fileRef = CAEC77BF1CA5B21100B93930 /* Group.swift */; };
/* End PBXBuildFile section */

/* Begin PBXFileReference section */
		CAEC77A81CA5B1FA00B93930 /* FirebaseSampleProject-Swift.app */ = {isa = PBXFileReference; explicitFileType = wrapper.application; includeInIndex = 0; path = "FirebaseSampleProject-Swift.app"; sourceTree = BUILT_PRODUCTS_DIR; };
		CAEC77AB1CA5B1FA00B93930 /* AppDelegate.swift */ = {isa = PBXFileReference; lastKnownFileType = sourcecode.swift; path = AppDelegate.swift; sourceTree = "<group>"; };
		CAEC77AD1CA5B1FA00B93930 /* ViewController.swift */ = {isa = PBXFileReference; lastKnownFileType = sourcecode.swift; path = ViewController.swift; sourceTree = "<group>"; };
		CAEC77B01CA5B1FA00B93930 /* Base */ = {isa = PBXFileReference; lastKnownFileType = file.storyboard; name = Base; path = Base.lproj/Main.storyboard; sourceTree = "<group>"; };
		CAEC77B21CA5B1FA00B93930 /* Assets.xcassets */ = {isa = PBXFileReference; lastKnownFileType = folder.assetcatalog; path = Assets.xcassets; sourceTree = "<group>"; };
		CAEC77B51CA5B1FA00B93930 /* Base */ = {isa = PBXFileReference; lastKnownFileType = file.storyboard; name = Base; path = Base.lproj/LaunchScreen.storyboard; sourceTree = "<group>"; };
		CAEC77B71CA5B1FA00B93930 /* Info.plist */ = {isa = PBXFileReference; lastKnownFileType = text.plist.xml; path = Info.plist; sourceTree = "<group>"; };
		CAEC77BD1CA5B20700B93930 /* User.swift */ = {isa = PBXFileReference; fileEncoding = 4; lastKnownFileType = sourcecode.swift; name = User.swift; path = ../User.swift; sourceTree = "<group>"; };
		CAEC77BF1CA5B21100B93930 /* Group.swift */ = {isa = PBXFileReference; fileEncoding = 4; lastKnownFileType = sourcecode.swift; name = Group.swift; path = ../Group.swift; sourceTree = "<group>"; };
/* End PBXFileReference section */

/* Begin PBXFrameworksBuildPhase section */
		CAEC77A51CA5B1FA00B93930 /* Frameworks */ = {
			isa = PBXFrameworksBuildPhase;
			buildActionMask = 2147483647;
			files = (
			);
			runOnlyForDeploymentPostprocessing = 0;
		};
/* End PBXFrameworksBuildPhase section */

/* Begin PBXGroup section */
		CAEC779F1CA5B1FA00B93930 = {
			isa = PBXGroup;
			children = (
				CAEC77AA1CA5B1FA00B93930 /* FirebaseSampleProject-Swift */,
				CAEC77A91CA5B1FA00B93930 /* Products */,
			);
			sourceTree = "<group>";
		};
		CAEC77A91CA5B1FA00B93930 /* Products */ = {
			isa = PBXGroup;
			children = (
				CAEC77A81CA5B1FA00B93930 /* FirebaseSampleProject-Swift.app */,
			);
			name = Products;
			sourceTree = "<group>";
		};
		CAEC77AA1CA5B1FA00B93930 /* FirebaseSampleProject-Swift */ = {
			isa = PBXGroup;
			children = (
				CAEC77AB1CA5B1FA00B93930 /* AppDelegate.swift */,
				CAEC77AD1CA5B1FA00B93930 /* ViewController.swift */,
				CAEC77BD1CA5B20700B93930 /* User.swift */,
				CAEC77BF1CA5B21100B93930 /* Group.swift */,
				CAEC77AF1CA5B1FA00B93930 /* Main.storyboard */,
				CAEC77B21CA5B1FA00B93930 /* Assets.xcassets */,
				CAEC77B41CA5B1FA00B93930 /* LaunchScreen.storyboard */,
				CAEC77B71CA5B1FA00B93930 /* Info.plist */,
			);
			path = "FirebaseSampleProject-Swift";
			sourceTree = "<group>";
		};
/* End PBXGroup section */

/* Begin PBXNativeTarget section */
		CAEC77A71CA5B1FA00B93930 /* FirebaseSampleProject-Swift */ = {
			isa = PBXNativeTarget;
			buildConfigurationList = CAEC77BA1CA5B1FA00B93930 /* Build configuration list for PBXNativeTarget "FirebaseSampleProject-Swift" */;
			buildPhases = (
				CAEC77A41CA5B1FA00B93930 /* Sources */,
				CAEC77A51CA5B1FA00B93930 /* Frameworks */,
				CAEC77A61CA5B1FA00B93930 /* Resources */,
			);
			buildRules = (
			);
			dependencies = (
			);
			name = "FirebaseSampleProject-Swift";
			productName = "FirebaseSampleProject-Swift";
			productReference = CAEC77A81CA5B1FA00B93930 /* FirebaseSampleProject-Swift.app */;
			productType = "com.apple.product-type.application";
		};
/* End PBXNativeTarget section */

/* Begin PBXProject section */
		CAEC77A01CA5B1FA00B93930 /* Project object */ = {
			isa = PBXProject;
			attributes = {
				LastSwiftUpdateCheck = 0720;
				LastUpgradeCheck = 0720;
				ORGANIZATIONNAME = "Bronson Dupaix";
				TargetAttributes = {
					CAEC77A71CA5B1FA00B93930 = {
						CreatedOnToolsVersion = 7.2.1;
						DevelopmentTeam = R99S6E3AYJ;
					};
				};
			};
			buildConfigurationList = CAEC77A31CA5B1FA00B93930 /* Build configuration list for PBXProject "FirebaseSampleProject-Swift" */;
			compatibilityVersion = "Xcode 3.2";
			developmentRegion = English;
			hasScannedForEncodings = 0;
			knownRegions = (
				en,
				Base,
			);
			mainGroup = CAEC779F1CA5B1FA00B93930;
			productRefGroup = CAEC77A91CA5B1FA00B93930 /* Products */;
			projectDirPath = "";
			projectRoot = "";
			targets = (
				CAEC77A71CA5B1FA00B93930 /* FirebaseSampleProject-Swift */,
			);
		};
/* End PBXProject section */

/* Begin PBXResourcesBuildPhase section */
		CAEC77A61CA5B1FA00B93930 /* Resources */ = {
			isa = PBXResourcesBuildPhase;
			buildActionMask = 2147483647;
			files = (
				CAEC77B61CA5B1FA00B93930 /* LaunchScreen.storyboard in Resources */,
				CAEC77B31CA5B1FA00B93930 /* Assets.xcassets in Resources */,
				CAEC77B11CA5B1FA00B93930 /* Main.storyboard in Resources */,
			);
			runOnlyForDeploymentPostprocessing = 0;
		};
/* End PBXResourcesBuildPhase section */

/* Begin PBXSourcesBuildPhase section */
		CAEC77A41CA5B1FA00B93930 /* Sources */ = {
			isa = PBXSourcesBuildPhase;
			buildActionMask = 2147483647;
			files = (
				CAEC77AE1CA5B1FA00B93930 /* ViewController.swift in Sources */,
				CAEC77AC1CA5B1FA00B93930 /* AppDelegate.swift in Sources */,
				CAEC77BE1CA5B20700B93930 /* User.swift in Sources */,
				CAEC77C01CA5B21100B93930 /* Group.swift in Sources */,
			);
			runOnlyForDeploymentPostprocessing = 0;
		};
/* End PBXSourcesBuildPhase section */

/* Begin PBXVariantGroup section */
		CAEC77AF1CA5B1FA00B93930 /* Main.storyboard */ = {
			isa = PBXVariantGroup;
			children = (
				CAEC77B01CA5B1FA00B93930 /* Base */,
			);
			name = Main.storyboard;
			sourceTree = "<group>";
		};
		CAEC77B41CA5B1FA00B93930 /* LaunchScreen.storyboard */ = {
			isa = PBXVariantGroup;
			children = (
				CAEC77B51CA5B1FA00B93930 /* Base */,
			);
			name = LaunchScreen.storyboard;
			sourceTree = "<group>";
		};
/* End PBXVariantGroup section */

/* Begin XCBuildConfiguration section */
		CAEC77B81CA5B1FA00B93930 /* Debug */ = {
			isa = XCBuildConfiguration;
			buildSettings = {
				ALWAYS_SEARCH_USER_PATHS = NO;
				CLANG_CXX_LANGUAGE_STANDARD = "gnu++0x";
				CLANG_CXX_LIBRARY = "libc++";
				CLANG_ENABLE_MODULES = YES;
				CLANG_ENABLE_OBJC_ARC = YES;
				CLANG_WARN_BOOL_CONVERSION = YES;
				CLANG_WARN_CONSTANT_CONVERSION = YES;
				CLANG_WARN_DIRECT_OBJC_ISA_USAGE = YES_ERROR;
				CLANG_WARN_EMPTY_BODY = YES;
				CLANG_WARN_ENUM_CONVERSION = YES;
				CLANG_WARN_INT_CONVERSION = YES;
				CLANG_WARN_OBJC_ROOT_CLASS = YES_ERROR;
				CLANG_WARN_UNREACHABLE_CODE = YES;
				CLANG_WARN__DUPLICATE_METHOD_MATCH = YES;
				"CODE_SIGN_IDENTITY[sdk=iphoneos*]" = "iPhone Developer";
				COPY_PHASE_STRIP = NO;
				DEBUG_INFORMATION_FORMAT = dwarf;
				ENABLE_STRICT_OBJC_MSGSEND = YES;
				ENABLE_TESTABILITY = YES;
				GCC_C_LANGUAGE_STANDARD = gnu99;
				GCC_DYNAMIC_NO_PIC = NO;
				GCC_NO_COMMON_BLOCKS = YES;
				GCC_OPTIMIZATION_LEVEL = 0;
				GCC_PREPROCESSOR_DEFINITIONS = (
					"DEBUG=1",
					"$(inherited)",
				);
				GCC_WARN_64_TO_32_BIT_CONVERSION = YES;
				GCC_WARN_ABOUT_RETURN_TYPE = YES_ERROR;
				GCC_WARN_UNDECLARED_SELECTOR = YES;
				GCC_WARN_UNINITIALIZED_AUTOS = YES_AGGRESSIVE;
				GCC_WARN_UNUSED_FUNCTION = YES;
				GCC_WARN_UNUSED_VARIABLE = YES;
				IPHONEOS_DEPLOYMENT_TARGET = 9.2;
				MTL_ENABLE_DEBUG_INFO = YES;
				ONLY_ACTIVE_ARCH = YES;
				SDKROOT = iphoneos;
				SWIFT_OPTIMIZATION_LEVEL = "-Onone";
			};
			name = Debug;
		};
		CAEC77B91CA5B1FA00B93930 /* Release */ = {
			isa = XCBuildConfiguration;
			buildSettings = {
				ALWAYS_SEARCH_USER_PATHS = NO;
				CLANG_CXX_LANGUAGE_STANDARD = "gnu++0x";
				CLANG_CXX_LIBRARY = "libc++";
				CLANG_ENABLE_MODULES = YES;
				CLANG_ENABLE_OBJC_ARC = YES;
				CLANG_WARN_BOOL_CONVERSION = YES;
				CLANG_WARN_CONSTANT_CONVERSION = YES;
				CLANG_WARN_DIRECT_OBJC_ISA_USAGE = YES_ERROR;
				CLANG_WARN_EMPTY_BODY = YES;
				CLANG_WARN_ENUM_CONVERSION = YES;
				CLANG_WARN_INT_CONVERSION = YES;
				CLANG_WARN_OBJC_ROOT_CLASS = YES_ERROR;
				CLANG_WARN_UNREACHABLE_CODE = YES;
				CLANG_WARN__DUPLICATE_METHOD_MATCH = YES;
				"CODE_SIGN_IDENTITY[sdk=iphoneos*]" = "iPhone Developer";
				COPY_PHASE_STRIP = NO;
				DEBUG_INFORMATION_FORMAT = "dwarf-with-dsym";
				ENABLE_NS_ASSERTIONS = NO;
				ENABLE_STRICT_OBJC_MSGSEND = YES;
				GCC_C_LANGUAGE_STANDARD = gnu99;
				GCC_NO_COMMON_BLOCKS = YES;
				GCC_WARN_64_TO_32_BIT_CONVERSION = YES;
				GCC_WARN_ABOUT_RETURN_TYPE = YES_ERROR;
				GCC_WARN_UNDECLARED_SELECTOR = YES;
				GCC_WARN_UNINITIALIZED_AUTOS = YES_AGGRESSIVE;
				GCC_WARN_UNUSED_FUNCTION = YES;
				GCC_WARN_UNUSED_VARIABLE = YES;
				IPHONEOS_DEPLOYMENT_TARGET = 9.2;
				MTL_ENABLE_DEBUG_INFO = NO;
				SDKROOT = iphoneos;
				VALIDATE_PRODUCT = YES;
			};
			name = Release;
		};
		CAEC77BB1CA5B1FA00B93930 /* Debug */ = {
			isa = XCBuildConfiguration;
			buildSettings = {
				ASSETCATALOG_COMPILER_APPICON_NAME = AppIcon;
				INFOPLIST_FILE = "FirebaseSampleProject-Swift/Info.plist";
				LD_RUNPATH_SEARCH_PATHS = "$(inherited) @executable_path/Frameworks";
				PRODUCT_BUNDLE_IDENTIFIER = "BronxDupaix.FirebaseSampleProject-Swift";
				PRODUCT_NAME = "$(TARGET_NAME)";
			};
			name = Debug;
		};
		CAEC77BC1CA5B1FA00B93930 /* Release */ = {
			isa = XCBuildConfiguration;
			buildSettings = {
				ASSETCATALOG_COMPILER_APPICON_NAME = AppIcon;
				INFOPLIST_FILE = "FirebaseSampleProject-Swift/Info.plist";
				LD_RUNPATH_SEARCH_PATHS = "$(inherited) @executable_path/Frameworks";
				PRODUCT_BUNDLE_IDENTIFIER = "BronxDupaix.FirebaseSampleProject-Swift";
				PRODUCT_NAME = "$(TARGET_NAME)";
			};
			name = Release;
		};
/* End XCBuildConfiguration section */

/* Begin XCConfigurationList section */
		CAEC77A31CA5B1FA00B93930 /* Build configuration list for PBXProject "FirebaseSampleProject-Swift" */ = {
			isa = XCConfigurationList;
			buildConfigurations = (
				CAEC77B81CA5B1FA00B93930 /* Debug */,
				CAEC77B91CA5B1FA00B93930 /* Release */,
			);
			defaultConfigurationIsVisible = 0;
			defaultConfigurationName = Release;
		};
		CAEC77BA1CA5B1FA00B93930 /* Build configuration list for PBXNativeTarget "FirebaseSampleProject-Swift" */ = {
			isa = XCConfigurationList;
			buildConfigurations = (
				CAEC77BB1CA5B1FA00B93930 /* Debug */,
				CAEC77BC1CA5B1FA00B93930 /* Release */,
			);
			defaultConfigurationIsVisible = 0;
		};
/* End XCConfigurationList section */
	};
	rootObject = CAEC77A01CA5B1FA00B93930 /* Project object */;
}
